
Microsoft Visual Studio Solution File, Format Version 12.00
# Visual Studio 15
VisualStudioVersion = 15.0.26730.12
MinimumVisualStudioVersion = 10.0.40219.1
Project("{FAE04EC0-301F-11D3-BF4B-00C04F79EFBC}") = "practica55.Android", "practica55\practica55.Android\practica55.Android.csproj", "{BEEE38DA-8E84-4EBF-B432-DF8AE89F5590}"
EndProject
Project("{FAE04EC0-301F-11D3-BF4B-00C04F79EFBC}") = "practica55", "practica55\practica55\practica55.csproj", "{F0BDA356-9952-4C75-91CC-9E3655385126}"
EndProject
Project("{FAE04EC0-301F-11D3-BF4B-00C04F79EFBC}") = "practica55.UWP", "practica55\practica55.UWP\practica55.UWP.csproj", "{1A8D2CAD-B087-4D9B-91EB-674F6FB037DA}"
EndProject
Project("{FAE04EC0-301F-11D3-BF4B-00C04F79EFBC}") = "practica55.iOS", "practica55\practica55.iOS\practica55.iOS.csproj", "{B93E0F63-E53D-4632-AD04-88E9725D3EDF}"
EndProject
Global
	GlobalSection(SolutionConfigurationPlatforms) = preSolution
		Ad-Hoc|Any CPU = Ad-Hoc|Any CPU
		Ad-Hoc|ARM = Ad-Hoc|ARM
		Ad-Hoc|iPhone = Ad-Hoc|iPhone
		Ad-Hoc|iPhoneSimulator = Ad-Hoc|iPhoneSimulator
		Ad-Hoc|x64 = Ad-Hoc|x64
		Ad-Hoc|x86 = Ad-Hoc|x86
		AppStore|Any CPU = AppStore|Any CPU
		AppStore|ARM = AppStore|ARM
		AppStore|iPhone = AppStore|iPhone
		AppStore|iPhoneSimulator = AppStore|iPhoneSimulator
		AppStore|x64 = AppStore|x64
		AppStore|x86 = AppStore|x86
		Debug|Any CPU = Debug|Any CPU
		Debug|ARM = Debug|ARM
		Debug|iPhone = Debug|iPhone
		Debug|iPhoneSimulator = Debug|iPhoneSimulator
		Debug|x64 = Debug|x64
		Debug|x86 = Debug|x86
		Release|Any CPU = Release|Any CPU
		Release|ARM = Release|ARM
		Release|iPhone = Release|iPhone
		Release|iPhoneSimulator = Release|iPhoneSimulator
		Release|x64 = Release|x64
		Release|x86 = Release|x86
	EndGlobalSection
	GlobalSection(ProjectConfigurationPlatforms) = postSolution
		{BEEE38DA-8E84-4EBF-B432-DF8AE89F5590}.Ad-Hoc|Any CPU.ActiveCfg = Release|Any CPU
		{BEEE38DA-8E84-4EBF-B432-DF8AE89F5590}.Ad-Hoc|Any CPU.Build.0 = Release|Any CPU
		{BEEE38DA-8E84-4EBF-B432-DF8AE89F5590}.Ad-Hoc|Any CPU.Deploy.0 = Release|Any CPU
		{BEEE38DA-8E84-4EBF-B432-DF8AE89F5590}.Ad-Hoc|ARM.ActiveCfg = Release|Any CPU
		{BEEE38DA-8E84-4EBF-B432-DF8AE89F5590}.Ad-Hoc|ARM.Build.0 = Release|Any CPU
		{BEEE38DA-8E84-4EBF-B432-DF8AE89F5590}.Ad-Hoc|ARM.Deploy.0 = Release|Any CPU
		{BEEE38DA-8E84-4EBF-B432-DF8AE89F5590}.Ad-Hoc|iPhone.ActiveCfg = Release|Any CPU
		{BEEE38DA-8E84-4EBF-B432-DF8AE89F5590}.Ad-Hoc|iPhone.Build.0 = Release|Any CPU
		{BEEE38DA-8E84-4EBF-B432-DF8AE89F5590}.Ad-Hoc|iPhone.Deploy.0 = Release|Any CPU
		{BEEE38DA-8E84-4EBF-B432-DF8AE89F5590}.Ad-Hoc|iPhoneSimulator.ActiveCfg = Release|Any CPU
		{BEEE38DA-8E84-4EBF-B432-DF8AE89F5590}.Ad-Hoc|iPhoneSimulator.Build.0 = Release|Any CPU
		{BEEE38DA-8E84-4EBF-B432-DF8AE89F5590}.Ad-Hoc|iPhoneSimulator.Deploy.0 = Release|Any CPU
		{BEEE38DA-8E84-4EBF-B432-DF8AE89F5590}.Ad-Hoc|x64.ActiveCfg = Release|Any CPU
		{BEEE38DA-8E84-4EBF-B432-DF8AE89F5590}.Ad-Hoc|x64.Build.0 = Release|Any CPU
		{BEEE38DA-8E84-4EBF-B432-DF8AE89F5590}.Ad-Hoc|x64.Deploy.0 = Release|Any CPU
		{BEEE38DA-8E84-4EBF-B432-DF8AE89F5590}.Ad-Hoc|x86.ActiveCfg = Release|Any CPU
		{BEEE38DA-8E84-4EBF-B432-DF8AE89F5590}.Ad-Hoc|x86.Build.0 = Release|Any CPU
		{BEEE38DA-8E84-4EBF-B432-DF8AE89F5590}.Ad-Hoc|x86.Deploy.0 = Release|Any CPU
		{BEEE38DA-8E84-4EBF-B432-DF8AE89F5590}.AppStore|Any CPU.ActiveCfg = Release|Any CPU
		{BEEE38DA-8E84-4EBF-B432-DF8AE89F5590}.AppStore|Any CPU.Build.0 = Release|Any CPU
		{BEEE38DA-8E84-4EBF-B432-DF8AE89F5590}.AppStore|Any CPU.Deploy.0 = Release|Any CPU
		{BEEE38DA-8E84-4EBF-B432-DF8AE89F5590}.AppStore|ARM.ActiveCfg = Release|Any CPU
		{BEEE38DA-8E84-4EBF-B432-DF8AE89F5590}.AppStore|ARM.Build.0 = Release|Any CPU
		{BEEE38DA-8E84-4EBF-B432-DF8AE89F5590}.AppStore|ARM.Deploy.0 = Release|Any CPU
		{BEEE38DA-8E84-4EBF-B432-DF8AE89F5590}.AppStore|iPhone.ActiveCfg = Release|Any CPU
		{BEEE38DA-8E84-4EBF-B432-DF8AE89F5590}.AppStore|iPhone.Build.0 = Release|Any CPU
		{BEEE38DA-8E84-4EBF-B432-DF8AE89F5590}.AppStore|iPhone.Deploy.0 = Release|Any CPU
		{BEEE38DA-8E84-4EBF-B432-DF8AE89F5590}.AppStore|iPhoneSimulator.ActiveCfg = Release|Any CPU
		{BEEE38DA-8E84-4EBF-B432-DF8AE89F5590}.AppStore|iPhoneSimulator.Build.0 = Release|Any CPU
		{BEEE38DA-8E84-4EBF-B432-DF8AE89F5590}.AppStore|iPhoneSimulator.Deploy.0 = Release|Any CPU
		{BEEE38DA-8E84-4EBF-B432-DF8AE89F5590}.AppStore|x64.ActiveCfg = Release|Any CPU
		{BEEE38DA-8E84-4EBF-B432-DF8AE89F5590}.AppStore|x64.Build.0 = Release|Any CPU
		{BEEE38DA-8E84-4EBF-B432-DF8AE89F5590}.AppStore|x64.Deploy.0 = Release|Any CPU
		{BEEE38DA-8E84-4EBF-B432-DF8AE89F5590}.AppStore|x86.ActiveCfg = Release|Any CPU
		{BEEE38DA-8E84-4EBF-B432-DF8AE89F5590}.AppStore|x86.Build.0 = Release|Any CPU
		{BEEE38DA-8E84-4EBF-B432-DF8AE89F5590}.AppStore|x86.Deploy.0 = Release|Any CPU
		{BEEE38DA-8E84-4EBF-B432-DF8AE89F5590}.Debug|Any CPU.ActiveCfg = Debug|Any CPU
		{BEEE38DA-8E84-4EBF-B432-DF8AE89F5590}.Debug|Any CPU.Build.0 = Debug|Any CPU
		{BEEE38DA-8E84-4EBF-B432-DF8AE89F5590}.Debug|Any CPU.Deploy.0 = Debug|Any CPU
		{BEEE38DA-8E84-4EBF-B432-DF8AE89F5590}.Debug|ARM.ActiveCfg = Debug|Any CPU
		{BEEE38DA-8E84-4EBF-B432-DF8AE89F5590}.Debug|ARM.Build.0 = Debug|Any CPU
		{BEEE38DA-8E84-4EBF-B432-DF8AE89F5590}.Debug|ARM.Deploy.0 = Debug|Any CPU
		{BEEE38DA-8E84-4EBF-B432-DF8AE89F5590}.Debug|iPhone.ActiveCfg = Debug|Any CPU
		{BEEE38DA-8E84-4EBF-B432-DF8AE89F5590}.Debug|iPhone.Build.0 = Debug|Any CPU
		{BEEE38DA-8E84-4EBF-B432-DF8AE89F5590}.Debug|iPhone.Deploy.0 = Debug|Any CPU
		{BEEE38DA-8E84-4EBF-B432-DF8AE89F5590}.Debug|iPhoneSimulator.ActiveCfg = Debug|Any CPU
		{BEEE38DA-8E84-4EBF-B432-DF8AE89F5590}.Debug|iPhoneSimulator.Build.0 = Debug|Any CPU
		{BEEE38DA-8E84-4EBF-B432-DF8AE89F5590}.Debug|iPhoneSimulator.Deploy.0 = Debug|Any CPU
		{BEEE38DA-8E84-4EBF-B432-DF8AE89F5590}.Debug|x64.ActiveCfg = Debug|Any CPU
		{BEEE38DA-8E84-4EBF-B432-DF8AE89F5590}.Debug|x64.Build.0 = Debug|Any CPU
		{BEEE38DA-8E84-4EBF-B432-DF8AE89F5590}.Debug|x64.Deploy.0 = Debug|Any CPU
		{BEEE38DA-8E84-4EBF-B432-DF8AE89F5590}.Debug|x86.ActiveCfg = Debug|Any CPU
		{BEEE38DA-8E84-4EBF-B432-DF8AE89F5590}.Debug|x86.Build.0 = Debug|Any CPU
		{BEEE38DA-8E84-4EBF-B432-DF8AE89F5590}.Debug|x86.Deploy.0 = Debug|Any CPU
		{BEEE38DA-8E84-4EBF-B432-DF8AE89F5590}.Release|Any CPU.ActiveCfg = Release|Any CPU
		{BEEE38DA-8E84-4EBF-B432-DF8AE89F5590}.Release|Any CPU.Build.0 = Release|Any CPU
		{BEEE38DA-8E84-4EBF-B432-DF8AE89F5590}.Release|Any CPU.Deploy.0 = Release|Any CPU
		{BEEE38DA-8E84-4EBF-B432-DF8AE89F5590}.Release|ARM.ActiveCfg = Release|Any CPU
		{BEEE38DA-8E84-4EBF-B432-DF8AE89F5590}.Release|ARM.Build.0 = Release|Any CPU
		{BEEE38DA-8E84-4EBF-B432-DF8AE89F5590}.Release|ARM.Deploy.0 = Release|Any CPU
		{BEEE38DA-8E84-4EBF-B432-DF8AE89F5590}.Release|iPhone.ActiveCfg = Release|Any CPU
		{BEEE38DA-8E84-4EBF-B432-DF8AE89F5590}.Release|iPhone.Build.0 = Release|Any CPU
		{BEEE38DA-8E84-4EBF-B432-DF8AE89F5590}.Release|iPhone.Deploy.0 = Release|Any CPU
		{BEEE38DA-8E84-4EBF-B432-DF8AE89F5590}.Release|iPhoneSimulator.ActiveCfg = Release|Any CPU
		{BEEE38DA-8E84-4EBF-B432-DF8AE89F5590}.Release|iPhoneSimulator.Build.0 = Release|Any CPU
		{BEEE38DA-8E84-4EBF-B432-DF8AE89F5590}.Release|iPhoneSimulator.Deploy.0 = Release|Any CPU
		{BEEE38DA-8E84-4EBF-B432-DF8AE89F5590}.Release|x64.ActiveCfg = Release|Any CPU
		{BEEE38DA-8E84-4EBF-B432-DF8AE89F5590}.Release|x64.Build.0 = Release|Any CPU
		{BEEE38DA-8E84-4EBF-B432-DF8AE89F5590}.Release|x64.Deploy.0 = Release|Any CPU
		{BEEE38DA-8E84-4EBF-B432-DF8AE89F5590}.Release|x86.ActiveCfg = Release|Any CPU
		{BEEE38DA-8E84-4EBF-B432-DF8AE89F5590}.Release|x86.Build.0 = Release|Any CPU
		{BEEE38DA-8E84-4EBF-B432-DF8AE89F5590}.Release|x86.Deploy.0 = Release|Any CPU
		{F0BDA356-9952-4C75-91CC-9E3655385126}.Ad-Hoc|Any CPU.ActiveCfg = Release|Any CPU
		{F0BDA356-9952-4C75-91CC-9E3655385126}.Ad-Hoc|Any CPU.Build.0 = Release|Any CPU
		{F0BDA356-9952-4C75-91CC-9E3655385126}.Ad-Hoc|ARM.ActiveCfg = Release|Any CPU
		{F0BDA356-9952-4C75-91CC-9E3655385126}.Ad-Hoc|ARM.Build.0 = Release|Any CPU
		{F0BDA356-9952-4C75-91CC-9E3655385126}.Ad-Hoc|iPhone.ActiveCfg = Release|Any CPU
		{F0BDA356-9952-4C75-91CC-9E3655385126}.Ad-Hoc|iPhone.Build.0 = Release|Any CPU
		{F0BDA356-9952-4C75-91CC-9E3655385126}.Ad-Hoc|iPhoneSimulator.ActiveCfg = Release|Any CPU
		{F0BDA356-9952-4C75-91CC-9E3655385126}.Ad-Hoc|iPhoneSimulator.Build.0 = Release|Any CPU
		{F0BDA356-9952-4C75-91CC-9E3655385126}.Ad-Hoc|x64.ActiveCfg = Release|Any CPU
		{F0BDA356-9952-4C75-91CC-9E3655385126}.Ad-Hoc|x64.Build.0 = Release|Any CPU
		{F0BDA356-9952-4C75-91CC-9E3655385126}.Ad-Hoc|x86.ActiveCfg = Release|Any CPU
		{F0BDA356-9952-4C75-91CC-9E3655385126}.Ad-Hoc|x86.Build.0 = Release|Any CPU
		{F0BDA356-9952-4C75-91CC-9E3655385126}.AppStore|Any CPU.ActiveCfg = Release|Any CPU
		{F0BDA356-9952-4C75-91CC-9E3655385126}.AppStore|Any CPU.Build.0 = Release|Any CPU
		{F0BDA356-9952-4C75-91CC-9E3655385126}.AppStore|ARM.ActiveCfg = Release|Any CPU
		{F0BDA356-9952-4C75-91CC-9E3655385126}.AppStore|ARM.Build.0 = Release|Any CPU
		{F0BDA356-9952-4C75-91CC-9E3655385126}.AppStore|iPhone.ActiveCfg = Release|Any CPU
		{F0BDA356-9952-4C75-91CC-9E3655385126}.AppStore|iPhone.Build.0 = Release|Any CPU
		{F0BDA356-9952-4C75-91CC-9E3655385126}.AppStore|iPhoneSimulator.ActiveCfg = Release|Any CPU
		{F0BDA356-9952-4C75-91CC-9E3655385126}.AppStore|iPhoneSimulator.Build.0 = Release|Any CPU
		{F0BDA356-9952-4C75-91CC-9E3655385126}.AppStore|x64.ActiveCfg = Release|Any CPU
		{F0BDA356-9952-4C75-91CC-9E3655385126}.AppStore|x64.Build.0 = Release|Any CPU
		{F0BDA356-9952-4C75-91CC-9E3655385126}.AppStore|x86.ActiveCfg = Release|Any CPU
		{F0BDA356-9952-4C75-91CC-9E3655385126}.AppStore|x86.Build.0 = Release|Any CPU
		{F0BDA356-9952-4C75-91CC-9E3655385126}.Debug|Any CPU.ActiveCfg = Debug|Any CPU
		{F0BDA356-9952-4C75-91CC-9E3655385126}.Debug|Any CPU.Build.0 = Debug|Any CPU
		{F0BDA356-9952-4C75-91CC-9E3655385126}.Debug|ARM.ActiveCfg = Debug|Any CPU
		{F0BDA356-9952-4C75-91CC-9E3655385126}.Debug|ARM.Build.0 = Debug|Any CPU
		{F0BDA356-9952-4C75-91CC-9E3655385126}.Debug|iPhone.ActiveCfg = Debug|Any CPU
		{F0BDA356-9952-4C75-91CC-9E3655385126}.Debug|iPhone.Build.0 = Debug|Any CPU
		{F0BDA356-9952-4C75-91CC-9E3655385126}.Debug|iPhoneSimulator.ActiveCfg = Debug|Any CPU
		{F0BDA356-9952-4C75-91CC-9E3655385126}.Debug|iPhoneSimulator.Build.0 = Debug|Any CPU
		{F0BDA356-9952-4C75-91CC-9E3655385126}.Debug|x64.ActiveCfg = Debug|Any CPU
		{F0BDA356-9952-4C75-91CC-9E3655385126}.Debug|x64.Build.0 = Debug|Any CPU
		{F0BDA356-9952-4C75-91CC-9E3655385126}.Debug|x86.ActiveCfg = Debug|Any CPU
		{F0BDA356-9952-4C75-91CC-9E3655385126}.Debug|x86.Build.0 = Debug|Any CPU
		{F0BDA356-9952-4C75-91CC-9E3655385126}.Release|Any CPU.ActiveCfg = Release|Any CPU
		{F0BDA356-9952-4C75-91CC-9E3655385126}.Release|Any CPU.Build.0 = Release|Any CPU
		{F0BDA356-9952-4C75-91CC-9E3655385126}.Release|ARM.ActiveCfg = Release|Any CPU
		{F0BDA356-9952-4C75-91CC-9E3655385126}.Release|ARM.Build.0 = Release|Any CPU
		{F0BDA356-9952-4C75-91CC-9E3655385126}.Release|iPhone.ActiveCfg = Release|Any CPU
		{F0BDA356-9952-4C75-91CC-9E3655385126}.Release|iPhone.Build.0 = Release|Any CPU
		{F0BDA356-9952-4C75-91CC-9E3655385126}.Release|iPhoneSimulator.ActiveCfg = Release|Any CPU
		{F0BDA356-9952-4C75-91CC-9E3655385126}.Release|iPhoneSimulator.Build.0 = Release|Any CPU
		{F0BDA356-9952-4C75-91CC-9E3655385126}.Release|x64.ActiveCfg = Release|Any CPU
		{F0BDA356-9952-4C75-91CC-9E3655385126}.Release|x64.Build.0 = Release|Any CPU
		{F0BDA356-9952-4C75-91CC-9E3655385126}.Release|x86.ActiveCfg = Release|Any CPU
		{F0BDA356-9952-4C75-91CC-9E3655385126}.Release|x86.Build.0 = Release|Any CPU
		{1A8D2CAD-B087-4D9B-91EB-674F6FB037DA}.Ad-Hoc|Any CPU.ActiveCfg = Release|x86
		{1A8D2CAD-B087-4D9B-91EB-674F6FB037DA}.Ad-Hoc|Any CPU.Build.0 = Release|x86
		{1A8D2CAD-B087-4D9B-91EB-674F6FB037DA}.Ad-Hoc|Any CPU.Deploy.0 = Release|x86
		{1A8D2CAD-B087-4D9B-91EB-674F6FB037DA}.Ad-Hoc|ARM.ActiveCfg = Release|ARM
		{1A8D2CAD-B087-4D9B-91EB-674F6FB037DA}.Ad-Hoc|ARM.Build.0 = Release|ARM
		{1A8D2CAD-B087-4D9B-91EB-674F6FB037DA}.Ad-Hoc|ARM.Deploy.0 = Release|ARM
		{1A8D2CAD-B087-4D9B-91EB-674F6FB037DA}.Ad-Hoc|iPhone.ActiveCfg = Release|x86
		{1A8D2CAD-B087-4D9B-91EB-674F6FB037DA}.Ad-Hoc|iPhone.Build.0 = Release|x86
		{1A8D2CAD-B087-4D9B-91EB-674F6FB037DA}.Ad-Hoc|iPhone.Deploy.0 = Release|x86
		{1A8D2CAD-B087-4D9B-91EB-674F6FB037DA}.Ad-Hoc|iPhoneSimulator.ActiveCfg = Release|x86
		{1A8D2CAD-B087-4D9B-91EB-674F6FB037DA}.Ad-Hoc|iPhoneSimulator.Build.0 = Release|x86
		{1A8D2CAD-B087-4D9B-91EB-674F6FB037DA}.Ad-Hoc|iPhoneSimulator.Deploy.0 = Release|x86
		{1A8D2CAD-B087-4D9B-91EB-674F6FB037DA}.Ad-Hoc|x64.ActiveCfg = Release|x64
		{1A8D2CAD-B087-4D9B-91EB-674F6FB037DA}.Ad-Hoc|x64.Build.0 = Release|x64
		{1A8D2CAD-B087-4D9B-91EB-674F6FB037DA}.Ad-Hoc|x64.Deploy.0 = Release|x64
		{1A8D2CAD-B087-4D9B-91EB-674F6FB037DA}.Ad-Hoc|x86.ActiveCfg = Release|x86
		{1A8D2CAD-B087-4D9B-91EB-674F6FB037DA}.Ad-Hoc|x86.Build.0 = Release|x86
		{1A8D2CAD-B087-4D9B-91EB-674F6FB037DA}.Ad-Hoc|x86.Deploy.0 = Release|x86
		{1A8D2CAD-B087-4D9B-91EB-674F6FB037DA}.AppStore|Any CPU.ActiveCfg = Release|x86
		{1A8D2CAD-B087-4D9B-91EB-674F6FB037DA}.AppStore|Any CPU.Build.0 = Release|x86
		{1A8D2CAD-B087-4D9B-91EB-674F6FB037DA}.AppStore|Any CPU.Deploy.0 = Release|x86
		{1A8D2CAD-B087-4D9B-91EB-674F6FB037DA}.AppStore|ARM.ActiveCfg = Release|ARM
		{1A8D2CAD-B087-4D9B-91EB-674F6FB037DA}.AppStore|ARM.Build.0 = Release|ARM
		{1A8D2CAD-B087-4D9B-91EB-674F6FB037DA}.AppStore|ARM.Deploy.0 = Release|ARM
		{1A8D2CAD-B087-4D9B-91EB-674F6FB037DA}.AppStore|iPhone.ActiveCfg = Release|x86
		{1A8D2CAD-B087-4D9B-91EB-674F6FB037DA}.AppStore|iPhone.Build.0 = Release|x86
		{1A8D2CAD-B087-4D9B-91EB-674F6FB037DA}.AppStore|iPhone.Deploy.0 = Release|x86
		{1A8D2CAD-B087-4D9B-91EB-674F6FB037DA}.AppStore|iPhoneSimulator.ActiveCfg = Release|x86
		{1A8D2CAD-B087-4D9B-91EB-674F6FB037DA}.AppStore|iPhoneSimulator.Build.0 = Release|x86
		{1A8D2CAD-B087-4D9B-91EB-674F6FB037DA}.AppStore|iPhoneSimulator.Deploy.0 = Release|x86
		{1A8D2CAD-B087-4D9B-91EB-674F6FB037DA}.AppStore|x64.ActiveCfg = Release|x64
		{1A8D2CAD-B087-4D9B-91EB-674F6FB037DA}.AppStore|x64.Build.0 = Release|x64
		{1A8D2CAD-B087-4D9B-91EB-674F6FB037DA}.AppStore|x64.Deploy.0 = Release|x64
		{1A8D2CAD-B087-4D9B-91EB-674F6FB037DA}.AppStore|x86.ActiveCfg = Release|x86
		{1A8D2CAD-B087-4D9B-91EB-674F6FB037DA}.AppStore|x86.Build.0 = Release|x86
		{1A8D2CAD-B087-4D9B-91EB-674F6FB037DA}.AppStore|x86.Deploy.0 = Release|x86
		{1A8D2CAD-B087-4D9B-91EB-674F6FB037DA}.Debug|Any CPU.ActiveCfg = Debug|x86
		{1A8D2CAD-B087-4D9B-91EB-674F6FB037DA}.Debug|ARM.ActiveCfg = Debug|ARM
		{1A8D2CAD-B087-4D9B-91EB-674F6FB037DA}.Debug|ARM.Build.0 = Debug|ARM
		{1A8D2CAD-B087-4D9B-91EB-674F6FB037DA}.Debug|ARM.Deploy.0 = Debug|ARM
		{1A8D2CAD-B087-4D9B-91EB-674F6FB037DA}.Debug|iPhone.ActiveCfg = Debug|x86
		{1A8D2CAD-B087-4D9B-91EB-674F6FB037DA}.Debug|iPhoneSimulator.ActiveCfg = Debug|x86
		{1A8D2CAD-B087-4D9B-91EB-674F6FB037DA}.Debug|x64.ActiveCfg = Debug|x64
		{1A8D2CAD-B087-4D9B-91EB-674F6FB037DA}.Debug|x64.Build.0 = Debug|x64
		{1A8D2CAD-B087-4D9B-91EB-674F6FB037DA}.Debug|x64.Deploy.0 = Debug|x64
		{1A8D2CAD-B087-4D9B-91EB-674F6FB037DA}.Debug|x86.ActiveCfg = Debug|x86
		{1A8D2CAD-B087-4D9B-91EB-674F6FB037DA}.Debug|x86.Build.0 = Debug|x86
		{1A8D2CAD-B087-4D9B-91EB-674F6FB037DA}.Debug|x86.Deploy.0 = Debug|x86
		{1A8D2CAD-B087-4D9B-91EB-674F6FB037DA}.Release|Any CPU.ActiveCfg = Release|x86
		{1A8D2CAD-B087-4D9B-91EB-674F6FB037DA}.Release|ARM.ActiveCfg = Release|ARM
		{1A8D2CAD-B087-4D9B-91EB-674F6FB037DA}.Release|ARM.Build.0 = Release|ARM
		{1A8D2CAD-B087-4D9B-91EB-674F6FB037DA}.Release|ARM.Deploy.0 = Release|ARM
		{1A8D2CAD-B087-4D9B-91EB-674F6FB037DA}.Release|iPhone.ActiveCfg = Release|x86
		{1A8D2CAD-B087-4D9B-91EB-674F6FB037DA}.Release|iPhoneSimulator.ActiveCfg = Release|x86
		{1A8D2CAD-B087-4D9B-91EB-674F6FB037DA}.Release|x64.ActiveCfg = Release|x64
		{1A8D2CAD-B087-4D9B-91EB-674F6FB037DA}.Release|x64.Build.0 = Release|x64
		{1A8D2CAD-B087-4D9B-91EB-674F6FB037DA}.Release|x64.Deploy.0 = Release|x64
		{1A8D2CAD-B087-4D9B-91EB-674F6FB037DA}.Release|x86.ActiveCfg = Release|x86
		{1A8D2CAD-B087-4D9B-91EB-674F6FB037DA}.Release|x86.Build.0 = Release|x86
		{1A8D2CAD-B087-4D9B-91EB-674F6FB037DA}.Release|x86.Deploy.0 = Release|x86
		{B93E0F63-E53D-4632-AD04-88E9725D3EDF}.Ad-Hoc|Any CPU.ActiveCfg = Ad-Hoc|iPhone
		{B93E0F63-E53D-4632-AD04-88E9725D3EDF}.Ad-Hoc|ARM.ActiveCfg = Ad-Hoc|iPhone
		{B93E0F63-E53D-4632-AD04-88E9725D3EDF}.Ad-Hoc|iPhone.ActiveCfg = Ad-Hoc|iPhone
		{B93E0F63-E53D-4632-AD04-88E9725D3EDF}.Ad-Hoc|iPhone.Build.0 = Ad-Hoc|iPhone
		{B93E0F63-E53D-4632-AD04-88E9725D3EDF}.Ad-Hoc|iPhoneSimulator.ActiveCfg = Ad-Hoc|iPhoneSimulator
		{B93E0F63-E53D-4632-AD04-88E9725D3EDF}.Ad-Hoc|iPhoneSimulator.Build.0 = Ad-Hoc|iPhoneSimulator
		{B93E0F63-E53D-4632-AD04-88E9725D3EDF}.Ad-Hoc|x64.ActiveCfg = Ad-Hoc|iPhone
		{B93E0F63-E53D-4632-AD04-88E9725D3EDF}.Ad-Hoc|x86.ActiveCfg = Ad-Hoc|iPhone
		{B93E0F63-E53D-4632-AD04-88E9725D3EDF}.AppStore|Any CPU.ActiveCfg = AppStore|iPhone
		{B93E0F63-E53D-4632-AD04-88E9725D3EDF}.AppStore|ARM.ActiveCfg = AppStore|iPhone
		{B93E0F63-E53D-4632-AD04-88E9725D3EDF}.AppStore|iPhone.ActiveCfg = AppStore|iPhone
		{B93E0F63-E53D-4632-AD04-88E9725D3EDF}.AppStore|iPhone.Build.0 = AppStore|iPhone
		{B93E0F63-E53D-4632-AD04-88E9725D3EDF}.AppStore|iPhoneSimulator.ActiveCfg = AppStore|iPhoneSimulator
		{B93E0F63-E53D-4632-AD04-88E9725D3EDF}.AppStore|iPhoneSimulator.Build.0 = AppStore|iPhoneSimulator
		{B93E0F63-E53D-4632-AD04-88E9725D3EDF}.AppStore|x64.ActiveCfg = AppStore|iPhone
		{B93E0F63-E53D-4632-AD04-88E9725D3EDF}.AppStore|x86.ActiveCfg = AppStore|iPhone
		{B93E0F63-E53D-4632-AD04-88E9725D3EDF}.Debug|Any CPU.ActiveCfg = Debug|iPhone
		{B93E0F63-E53D-4632-AD04-88E9725D3EDF}.Debug|ARM.ActiveCfg = Debug|iPhone
		{B93E0F63-E53D-4632-AD04-88E9725D3EDF}.Debug|iPhone.ActiveCfg = Debug|iPhone
		{B93E0F63-E53D-4632-AD04-88E9725D3EDF}.Debug|iPhone.Build.0 = Debug|iPhone
		{B93E0F63-E53D-4632-AD04-88E9725D3EDF}.Debug|iPhoneSimulator.ActiveCfg = Debug|iPhoneSimulator
		{B93E0F63-E53D-4632-AD04-88E9725D3EDF}.Debug|iPhoneSimulator.Build.0 = Debug|iPhoneSimulator
		{B93E0F63-E53D-4632-AD04-88E9725D3EDF}.Debug|x64.ActiveCfg = Debug|iPhone
		{B93E0F63-E53D-4632-AD04-88E9725D3EDF}.Debug|x86.ActiveCfg = Debug|iPhone
		{B93E0F63-E53D-4632-AD04-88E9725D3EDF}.Release|Any CPU.ActiveCfg = Release|iPhone
		{B93E0F63-E53D-4632-AD04-88E9725D3EDF}.Release|ARM.ActiveCfg = Release|iPhone
		{B93E0F63-E53D-4632-AD04-88E9725D3EDF}.Release|iPhone.ActiveCfg = Release|iPhone
		{B93E0F63-E53D-4632-AD04-88E9725D3EDF}.Release|iPhone.Build.0 = Release|iPhone
		{B93E0F63-E53D-4632-AD04-88E9725D3EDF}.Release|iPhoneSimulator.ActiveCfg = Release|iPhoneSimulator
		{B93E0F63-E53D-4632-AD04-88E9725D3EDF}.Release|iPhoneSimulator.Build.0 = Release|iPhoneSimulator
		{B93E0F63-E53D-4632-AD04-88E9725D3EDF}.Release|x64.ActiveCfg = Release|iPhone
		{B93E0F63-E53D-4632-AD04-88E9725D3EDF}.Release|x86.ActiveCfg = Release|iPhone
	EndGlobalSection
	GlobalSection(SolutionProperties) = preSolution
		HideSolutionNode = FALSE
	EndGlobalSection
	GlobalSection(ExtensibilityGlobals) = postSolution
		SolutionGuid = {4C04EDAB-8FAD-49BF-B01F-D6E762D1B8AF}
	EndGlobalSection
EndGlobal
